
Microsoft Visual Studio Solution File, Format Version 12.00
# Visual Studio Version 17
VisualStudioVersion = 17.10.35013.160
MinimumVisualStudioVersion = 10.0.40219.1
Project("{FAE04EC0-301F-11D3-BF4B-00C04F79EFBC}") = "CaterServMongoDbPrjoect", "CaterServMongoDbPrjoect\CaterServMongoDbPrjoect.csproj", "{72E4133D-E60E-4AB2-82C7-7BF7E8C64BF0}"
EndProject
Global
	GlobalSection(SolutionConfigurationPlatforms) = preSolution
		Debug|Any CPU = Debug|Any CPU
		Release|Any CPU = Release|Any CPU
	EndGlobalSection
	GlobalSection(ProjectConfigurationPlatforms) = postSolution
		{72E4133D-E60E-4AB2-82C7-7BF7E8C64BF0}.Debug|Any CPU.ActiveCfg = Debug|Any CPU
		{72E4133D-E60E-4AB2-82C7-7BF7E8C64BF0}.Debug|Any CPU.Build.0 = Debug|Any CPU
		{72E4133D-E60E-4AB2-82C7-7BF7E8C64BF0}.Release|Any CPU.ActiveCfg = Release|Any CPU
		{72E4133D-E60E-4AB2-82C7-7BF7E8C64BF0}.Release|Any CPU.Build.0 = Release|Any CPU
	EndGlobalSection
	GlobalSection(SolutionProperties) = preSolution
		HideSolutionNode = FALSE
	EndGlobalSection
	GlobalSection(ExtensibilityGlobals) = postSolution
		SolutionGuid = {C215FFA0-81E3-4821-8ECB-9FC712633180}
	EndGlobalSection
EndGlobal
